
Microsoft Visual Studio Solution File, Format Version 12.00
# Visual Studio 15
VisualStudioVersion = 15.0.26430.14
MinimumVisualStudioVersion = 10.0.40219.1
Project("{FAE04EC0-301F-11D3-BF4B-00C04F79EFBC}") = "Sciff.Logic", "Sciff.Logic\Sciff.Logic.csproj", "{1579BDBB-207A-408A-B351-71CF5DBCBA99}"
EndProject
Project("{FAE04EC0-301F-11D3-BF4B-00C04F79EFBC}") = "Sciff.Tests", "Sciff.Tests\Sciff.Tests.csproj", "{E75A02E6-E6F6-4B91-BC34-00DD04852EB7}"
EndProject
Global
	GlobalSection(SolutionConfigurationPlatforms) = preSolution
		Debug|Any CPU = Debug|Any CPU
		Release|Any CPU = Release|Any CPU
	EndGlobalSection
	GlobalSection(ProjectConfigurationPlatforms) = postSolution
		{1579BDBB-207A-408A-B351-71CF5DBCBA99}.Debug|Any CPU.ActiveCfg = Debug|Any CPU
		{1579BDBB-207A-408A-B351-71CF5DBCBA99}.Debug|Any CPU.Build.0 = Debug|Any CPU
		{1579BDBB-207A-408A-B351-71CF5DBCBA99}.Release|Any CPU.ActiveCfg = Release|Any CPU
		{1579BDBB-207A-408A-B351-71CF5DBCBA99}.Release|Any CPU.Build.0 = Release|Any CPU
		{E75A02E6-E6F6-4B91-BC34-00DD04852EB7}.Debug|Any CPU.ActiveCfg = Debug|Any CPU
		{E75A02E6-E6F6-4B91-BC34-00DD04852EB7}.Debug|Any CPU.Build.0 = Debug|Any CPU
		{E75A02E6-E6F6-4B91-BC34-00DD04852EB7}.Release|Any CPU.ActiveCfg = Release|Any CPU
		{E75A02E6-E6F6-4B91-BC34-00DD04852EB7}.Release|Any CPU.Build.0 = Release|Any CPU
	EndGlobalSection
	GlobalSection(SolutionProperties) = preSolution
		HideSolutionNode = FALSE
	EndGlobalSection
EndGlobal
